
Microsoft Visual Studio Solution File, Format Version 12.00
# Visual Studio Version 16
VisualStudioVersion = 16.0.31729.503
MinimumVisualStudioVersion = 10.0.40219.1
Project("{FAE04EC0-301F-11D3-BF4B-00C04F79EFBC}") = "Duca_Andreea_Lab6.Android", "Duca_Andreea_Lab6.Android\Duca_Andreea_Lab6.Android.csproj", "{0754EE5D-D0F7-4C2A-BEBF-B893E75132AF}"
EndProject
Project("{FAE04EC0-301F-11D3-BF4B-00C04F79EFBC}") = "Duca_Andreea_Lab6.iOS", "Duca_Andreea_Lab6.iOS\Duca_Andreea_Lab6.iOS.csproj", "{50A09B8A-6BDD-46F1-86F6-84C67BE99F9F}"
EndProject
Project("{FAE04EC0-301F-11D3-BF4B-00C04F79EFBC}") = "Duca_Andreea_Lab6", "Duca_Andreea_Lab6\Duca_Andreea_Lab6.csproj", "{B7BD4169-AF3E-4854-8716-7CB61866F903}"
EndProject
Global
	GlobalSection(SolutionConfigurationPlatforms) = preSolution
		Debug|Any CPU = Debug|Any CPU
		Debug|iPhone = Debug|iPhone
		Debug|iPhoneSimulator = Debug|iPhoneSimulator
		Release|Any CPU = Release|Any CPU
		Release|iPhone = Release|iPhone
		Release|iPhoneSimulator = Release|iPhoneSimulator
	EndGlobalSection
	GlobalSection(ProjectConfigurationPlatforms) = postSolution
		{0754EE5D-D0F7-4C2A-BEBF-B893E75132AF}.Debug|Any CPU.ActiveCfg = Debug|Any CPU
		{0754EE5D-D0F7-4C2A-BEBF-B893E75132AF}.Debug|Any CPU.Build.0 = Debug|Any CPU
		{0754EE5D-D0F7-4C2A-BEBF-B893E75132AF}.Debug|Any CPU.Deploy.0 = Debug|Any CPU
		{0754EE5D-D0F7-4C2A-BEBF-B893E75132AF}.Debug|iPhone.ActiveCfg = Debug|Any CPU
		{0754EE5D-D0F7-4C2A-BEBF-B893E75132AF}.Debug|iPhone.Build.0 = Debug|Any CPU
		{0754EE5D-D0F7-4C2A-BEBF-B893E75132AF}.Debug|iPhone.Deploy.0 = Debug|Any CPU
		{0754EE5D-D0F7-4C2A-BEBF-B893E75132AF}.Debug|iPhoneSimulator.ActiveCfg = Debug|Any CPU
		{0754EE5D-D0F7-4C2A-BEBF-B893E75132AF}.Debug|iPhoneSimulator.Build.0 = Debug|Any CPU
		{0754EE5D-D0F7-4C2A-BEBF-B893E75132AF}.Debug|iPhoneSimulator.Deploy.0 = Debug|Any CPU
		{0754EE5D-D0F7-4C2A-BEBF-B893E75132AF}.Release|Any CPU.ActiveCfg = Release|Any CPU
		{0754EE5D-D0F7-4C2A-BEBF-B893E75132AF}.Release|Any CPU.Build.0 = Release|Any CPU
		{0754EE5D-D0F7-4C2A-BEBF-B893E75132AF}.Release|Any CPU.Deploy.0 = Release|Any CPU
		{0754EE5D-D0F7-4C2A-BEBF-B893E75132AF}.Release|iPhone.ActiveCfg = Release|Any CPU
		{0754EE5D-D0F7-4C2A-BEBF-B893E75132AF}.Release|iPhone.Build.0 = Release|Any CPU
		{0754EE5D-D0F7-4C2A-BEBF-B893E75132AF}.Release|iPhone.Deploy.0 = Release|Any CPU
		{0754EE5D-D0F7-4C2A-BEBF-B893E75132AF}.Release|iPhoneSimulator.ActiveCfg = Release|Any CPU
		{0754EE5D-D0F7-4C2A-BEBF-B893E75132AF}.Release|iPhoneSimulator.Build.0 = Release|Any CPU
		{0754EE5D-D0F7-4C2A-BEBF-B893E75132AF}.Release|iPhoneSimulator.Deploy.0 = Release|Any CPU
		{50A09B8A-6BDD-46F1-86F6-84C67BE99F9F}.Debug|Any CPU.ActiveCfg = Debug|iPhone
		{50A09B8A-6BDD-46F1-86F6-84C67BE99F9F}.Debug|Any CPU.Build.0 = Debug|iPhone
		{50A09B8A-6BDD-46F1-86F6-84C67BE99F9F}.Debug|Any CPU.Deploy.0 = Debug|iPhone
		{50A09B8A-6BDD-46F1-86F6-84C67BE99F9F}.Debug|iPhone.ActiveCfg = Debug|iPhone
		{50A09B8A-6BDD-46F1-86F6-84C67BE99F9F}.Debug|iPhone.Build.0 = Debug|iPhone
		{50A09B8A-6BDD-46F1-86F6-84C67BE99F9F}.Debug|iPhone.Deploy.0 = Debug|iPhone
		{50A09B8A-6BDD-46F1-86F6-84C67BE99F9F}.Debug|iPhoneSimulator.ActiveCfg = Debug|iPhoneSimulator
		{50A09B8A-6BDD-46F1-86F6-84C67BE99F9F}.Debug|iPhoneSimulator.Build.0 = Debug|iPhoneSimulator
		{50A09B8A-6BDD-46F1-86F6-84C67BE99F9F}.Debug|iPhoneSimulator.Deploy.0 = Debug|iPhoneSimulator
		{50A09B8A-6BDD-46F1-86F6-84C67BE99F9F}.Release|Any CPU.ActiveCfg = Release|iPhoneSimulator
		{50A09B8A-6BDD-46F1-86F6-84C67BE99F9F}.Release|Any CPU.Build.0 = Release|iPhoneSimulator
		{50A09B8A-6BDD-46F1-86F6-84C67BE99F9F}.Release|Any CPU.Deploy.0 = Release|iPhoneSimulator
		{50A09B8A-6BDD-46F1-86F6-84C67BE99F9F}.Release|iPhone.ActiveCfg = Release|iPhone
		{50A09B8A-6BDD-46F1-86F6-84C67BE99F9F}.Release|iPhone.Build.0 = Release|iPhone
		{50A09B8A-6BDD-46F1-86F6-84C67BE99F9F}.Release|iPhone.Deploy.0 = Release|iPhone
		{50A09B8A-6BDD-46F1-86F6-84C67BE99F9F}.Release|iPhoneSimulator.ActiveCfg = Release|iPhoneSimulator
		{50A09B8A-6BDD-46F1-86F6-84C67BE99F9F}.Release|iPhoneSimulator.Build.0 = Release|iPhoneSimulator
		{50A09B8A-6BDD-46F1-86F6-84C67BE99F9F}.Release|iPhoneSimulator.Deploy.0 = Release|iPhoneSimulator
		{B7BD4169-AF3E-4854-8716-7CB61866F903}.Debug|Any CPU.ActiveCfg = Debug|Any CPU
		{B7BD4169-AF3E-4854-8716-7CB61866F903}.Debug|Any CPU.Build.0 = Debug|Any CPU
		{B7BD4169-AF3E-4854-8716-7CB61866F903}.Debug|Any CPU.Deploy.0 = Debug|Any CPU
		{B7BD4169-AF3E-4854-8716-7CB61866F903}.Debug|iPhone.ActiveCfg = Debug|Any CPU
		{B7BD4169-AF3E-4854-8716-7CB61866F903}.Debug|iPhone.Build.0 = Debug|Any CPU
		{B7BD4169-AF3E-4854-8716-7CB61866F903}.Debug|iPhone.Deploy.0 = Debug|Any CPU
		{B7BD4169-AF3E-4854-8716-7CB61866F903}.Debug|iPhoneSimulator.ActiveCfg = Debug|Any CPU
		{B7BD4169-AF3E-4854-8716-7CB61866F903}.Debug|iPhoneSimulator.Build.0 = Debug|Any CPU
		{B7BD4169-AF3E-4854-8716-7CB61866F903}.Debug|iPhoneSimulator.Deploy.0 = Debug|Any CPU
		{B7BD4169-AF3E-4854-8716-7CB61866F903}.Release|Any CPU.ActiveCfg = Release|Any CPU
		{B7BD4169-AF3E-4854-8716-7CB61866F903}.Release|Any CPU.Build.0 = Release|Any CPU
		{B7BD4169-AF3E-4854-8716-7CB61866F903}.Release|Any CPU.Deploy.0 = Release|Any CPU
		{B7BD4169-AF3E-4854-8716-7CB61866F903}.Release|iPhone.ActiveCfg = Release|Any CPU
		{B7BD4169-AF3E-4854-8716-7CB61866F903}.Release|iPhone.Build.0 = Release|Any CPU
		{B7BD4169-AF3E-4854-8716-7CB61866F903}.Release|iPhone.Deploy.0 = Release|Any CPU
		{B7BD4169-AF3E-4854-8716-7CB61866F903}.Release|iPhoneSimulator.ActiveCfg = Release|Any CPU
		{B7BD4169-AF3E-4854-8716-7CB61866F903}.Release|iPhoneSimulator.Build.0 = Release|Any CPU
		{B7BD4169-AF3E-4854-8716-7CB61866F903}.Release|iPhoneSimulator.Deploy.0 = Release|Any CPU
	EndGlobalSection
	GlobalSection(SolutionProperties) = preSolution
		HideSolutionNode = FALSE
	EndGlobalSection
	GlobalSection(ExtensibilityGlobals) = postSolution
		SolutionGuid = {7191D182-D7DF-4423-9997-658B874EF3FB}
	EndGlobalSection
EndGlobal
